
Microsoft Visual Studio Solution File, Format Version 12.00
# Visual Studio Version 16
VisualStudioVersion = 16.0.31702.278
MinimumVisualStudioVersion = 10.0.40219.1
Project("{FAE04EC0-301F-11D3-BF4B-00C04F79EFBC}") = "KTX", "KTX\KTX.csproj", "{3B8FE1E9-D7C0-4992-8474-6CE2D5BB4213}"
EndProject
Project("{FAE04EC0-301F-11D3-BF4B-00C04F79EFBC}") = "DAL", "DAL\DAL.csproj", "{57D8FB82-0B1D-4BC8-AD01-881340E3A5FB}"
EndProject
Project("{FAE04EC0-301F-11D3-BF4B-00C04F79EFBC}") = "BLL", "BLL\BLL.csproj", "{8E1D5FAE-3C35-4154-B1BE-B0F128B99655}"
EndProject
Global
	GlobalSection(SolutionConfigurationPlatforms) = preSolution
		Debug|Any CPU = Debug|Any CPU
		Release|Any CPU = Release|Any CPU
	EndGlobalSection
	GlobalSection(ProjectConfigurationPlatforms) = postSolution
		{3B8FE1E9-D7C0-4992-8474-6CE2D5BB4213}.Debug|Any CPU.ActiveCfg = Debug|Any CPU
		{3B8FE1E9-D7C0-4992-8474-6CE2D5BB4213}.Debug|Any CPU.Build.0 = Debug|Any CPU
		{3B8FE1E9-D7C0-4992-8474-6CE2D5BB4213}.Release|Any CPU.ActiveCfg = Release|Any CPU
		{3B8FE1E9-D7C0-4992-8474-6CE2D5BB4213}.Release|Any CPU.Build.0 = Release|Any CPU
		{57D8FB82-0B1D-4BC8-AD01-881340E3A5FB}.Debug|Any CPU.ActiveCfg = Debug|Any CPU
		{57D8FB82-0B1D-4BC8-AD01-881340E3A5FB}.Debug|Any CPU.Build.0 = Debug|Any CPU
		{57D8FB82-0B1D-4BC8-AD01-881340E3A5FB}.Release|Any CPU.ActiveCfg = Release|Any CPU
		{57D8FB82-0B1D-4BC8-AD01-881340E3A5FB}.Release|Any CPU.Build.0 = Release|Any CPU
		{8E1D5FAE-3C35-4154-B1BE-B0F128B99655}.Debug|Any CPU.ActiveCfg = Debug|Any CPU
		{8E1D5FAE-3C35-4154-B1BE-B0F128B99655}.Debug|Any CPU.Build.0 = Debug|Any CPU
		{8E1D5FAE-3C35-4154-B1BE-B0F128B99655}.Release|Any CPU.ActiveCfg = Release|Any CPU
		{8E1D5FAE-3C35-4154-B1BE-B0F128B99655}.Release|Any CPU.Build.0 = Release|Any CPU
	EndGlobalSection
	GlobalSection(SolutionProperties) = preSolution
		HideSolutionNode = FALSE
	EndGlobalSection
	GlobalSection(ExtensibilityGlobals) = postSolution
		SolutionGuid = {869A07E5-51C2-4E50-B014-69DF4FBE3E7F}
	EndGlobalSection
EndGlobal
